
Microsoft Visual Studio Solution File, Format Version 12.00
# Visual Studio Version 16
VisualStudioVersion = 16.0.30804.86
MinimumVisualStudioVersion = 10.0.40219.1
Project("{9A19103F-16F7-4668-BE54-9A1E7A4F7556}") = "01.DefineAClassPerson", "01.DefineAClassPerson\01.DefineAClassPerson.csproj", "{005680B0-6752-4B83-B880-F3C09F76F9E8}"
EndProject
Project("{9A19103F-16F7-4668-BE54-9A1E7A4F7556}") = "02.CreatingConstructors", "02.CreatingConstructors\02.CreatingConstructors.csproj", "{C031DD02-BAF8-445C-838B-133B1EF8A82A}"
EndProject
Project("{9A19103F-16F7-4668-BE54-9A1E7A4F7556}") = "03.OldestFamilyMember", "03.OldestFamilyMember\03.OldestFamilyMember.csproj", "{FE560BC1-B99C-41C3-A610-5A5900000581}"
EndProject
Project("{9A19103F-16F7-4668-BE54-9A1E7A4F7556}") = "04.OpinionPoll", "04.OpinionPoll\04.OpinionPoll.csproj", "{E43BEAE9-4905-44EA-B511-3F6841221CA2}"
EndProject
Project("{9A19103F-16F7-4668-BE54-9A1E7A4F7556}") = "05.DateModifier", "05.DateModifier\05.DateModifier.csproj", "{230064A0-1349-4B82-895A-4D9AF722A9AD}"
EndProject
Project("{9A19103F-16F7-4668-BE54-9A1E7A4F7556}") = "06.SpeedRacing", "06.SpeedRacing\06.SpeedRacing.csproj", "{BBC6B81E-E4A1-49A7-B938-65B778A8A9EF}"
EndProject
Project("{9A19103F-16F7-4668-BE54-9A1E7A4F7556}") = "07.RawData", "07.RawData\07.RawData.csproj", "{008E4962-A81D-45AA-BCA5-B3EF1C67564F}"
EndProject
Project("{9A19103F-16F7-4668-BE54-9A1E7A4F7556}") = "SoftUniParking", "SoftUniParking\SoftUniParking.csproj", "{F9D5505B-E6E2-472C-B6B6-64DBBFB366FF}"
EndProject
Global
	GlobalSection(SolutionConfigurationPlatforms) = preSolution
		Debug|Any CPU = Debug|Any CPU
		Release|Any CPU = Release|Any CPU
	EndGlobalSection
	GlobalSection(ProjectConfigurationPlatforms) = postSolution
		{005680B0-6752-4B83-B880-F3C09F76F9E8}.Debug|Any CPU.ActiveCfg = Debug|Any CPU
		{005680B0-6752-4B83-B880-F3C09F76F9E8}.Debug|Any CPU.Build.0 = Debug|Any CPU
		{005680B0-6752-4B83-B880-F3C09F76F9E8}.Release|Any CPU.ActiveCfg = Release|Any CPU
		{005680B0-6752-4B83-B880-F3C09F76F9E8}.Release|Any CPU.Build.0 = Release|Any CPU
		{C031DD02-BAF8-445C-838B-133B1EF8A82A}.Debug|Any CPU.ActiveCfg = Debug|Any CPU
		{C031DD02-BAF8-445C-838B-133B1EF8A82A}.Debug|Any CPU.Build.0 = Debug|Any CPU
		{C031DD02-BAF8-445C-838B-133B1EF8A82A}.Release|Any CPU.ActiveCfg = Release|Any CPU
		{C031DD02-BAF8-445C-838B-133B1EF8A82A}.Release|Any CPU.Build.0 = Release|Any CPU
		{FE560BC1-B99C-41C3-A610-5A5900000581}.Debug|Any CPU.ActiveCfg = Debug|Any CPU
		{FE560BC1-B99C-41C3-A610-5A5900000581}.Debug|Any CPU.Build.0 = Debug|Any CPU
		{FE560BC1-B99C-41C3-A610-5A5900000581}.Release|Any CPU.ActiveCfg = Release|Any CPU
		{FE560BC1-B99C-41C3-A610-5A5900000581}.Release|Any CPU.Build.0 = Release|Any CPU
		{E43BEAE9-4905-44EA-B511-3F6841221CA2}.Debug|Any CPU.ActiveCfg = Debug|Any CPU
		{E43BEAE9-4905-44EA-B511-3F6841221CA2}.Debug|Any CPU.Build.0 = Debug|Any CPU
		{E43BEAE9-4905-44EA-B511-3F6841221CA2}.Release|Any CPU.ActiveCfg = Release|Any CPU
		{E43BEAE9-4905-44EA-B511-3F6841221CA2}.Release|Any CPU.Build.0 = Release|Any CPU
		{230064A0-1349-4B82-895A-4D9AF722A9AD}.Debug|Any CPU.ActiveCfg = Debug|Any CPU
		{230064A0-1349-4B82-895A-4D9AF722A9AD}.Debug|Any CPU.Build.0 = Debug|Any CPU
		{230064A0-1349-4B82-895A-4D9AF722A9AD}.Release|Any CPU.ActiveCfg = Release|Any CPU
		{230064A0-1349-4B82-895A-4D9AF722A9AD}.Release|Any CPU.Build.0 = Release|Any CPU
		{BBC6B81E-E4A1-49A7-B938-65B778A8A9EF}.Debug|Any CPU.ActiveCfg = Debug|Any CPU
		{BBC6B81E-E4A1-49A7-B938-65B778A8A9EF}.Debug|Any CPU.Build.0 = Debug|Any CPU
		{BBC6B81E-E4A1-49A7-B938-65B778A8A9EF}.Release|Any CPU.ActiveCfg = Release|Any CPU
		{BBC6B81E-E4A1-49A7-B938-65B778A8A9EF}.Release|Any CPU.Build.0 = Release|Any CPU
		{008E4962-A81D-45AA-BCA5-B3EF1C67564F}.Debug|Any CPU.ActiveCfg = Debug|Any CPU
		{008E4962-A81D-45AA-BCA5-B3EF1C67564F}.Debug|Any CPU.Build.0 = Debug|Any CPU
		{008E4962-A81D-45AA-BCA5-B3EF1C67564F}.Release|Any CPU.ActiveCfg = Release|Any CPU
		{008E4962-A81D-45AA-BCA5-B3EF1C67564F}.Release|Any CPU.Build.0 = Release|Any CPU
		{F9D5505B-E6E2-472C-B6B6-64DBBFB366FF}.Debug|Any CPU.ActiveCfg = Debug|Any CPU
		{F9D5505B-E6E2-472C-B6B6-64DBBFB366FF}.Debug|Any CPU.Build.0 = Debug|Any CPU
		{F9D5505B-E6E2-472C-B6B6-64DBBFB366FF}.Release|Any CPU.ActiveCfg = Release|Any CPU
		{F9D5505B-E6E2-472C-B6B6-64DBBFB366FF}.Release|Any CPU.Build.0 = Release|Any CPU
	EndGlobalSection
	GlobalSection(SolutionProperties) = preSolution
		HideSolutionNode = FALSE
	EndGlobalSection
	GlobalSection(ExtensibilityGlobals) = postSolution
		SolutionGuid = {60512EB1-7F65-41D9-A244-B5A95E577A29}
	EndGlobalSection
EndGlobal
