
Microsoft Visual Studio Solution File, Format Version 12.00
# Visual Studio Version 16
VisualStudioVersion = 16.0.30804.86
MinimumVisualStudioVersion = 10.0.40219.1
Project("{FAE04EC0-301F-11D3-BF4B-00C04F79EFBC}") = "Streams, Files and Directories Ex", "Streams, Files and Directories Ex\Streams, Files and Directories Ex.csproj", "{53C8444E-C35B-48E9-B946-7D16C8EFE7C1}"
EndProject
Project("{FAE04EC0-301F-11D3-BF4B-00C04F79EFBC}") = "01.EvenLines", "01.EvenLines\01.EvenLines.csproj", "{9DE51ED4-A05D-4980-BE69-40C02BFE1AB9}"
EndProject
Project("{FAE04EC0-301F-11D3-BF4B-00C04F79EFBC}") = "01.EventLinesFollow", "01.EventLinesFollow\01.EventLinesFollow.csproj", "{5CAA2624-33FF-43FC-94D1-6EB2BEFD6AB7}"
EndProject
Project("{FAE04EC0-301F-11D3-BF4B-00C04F79EFBC}") = "02.LineNumbers", "02.LineNumbers\02.LineNumbers.csproj", "{03BABF7F-BDE4-492A-BCCE-A8926C48F976}"
EndProject
Project("{FAE04EC0-301F-11D3-BF4B-00C04F79EFBC}") = "03.WordCount", "03.WordCount\03.WordCount.csproj", "{8E363E31-0B7B-4F49-A6E9-1C6739E5FBBF}"
EndProject
Project("{FAE04EC0-301F-11D3-BF4B-00C04F79EFBC}") = "04.CopyBinaryFile", "04.CopyBinaryFile\04.CopyBinaryFile.csproj", "{7DA17AC9-0195-4180-9D2F-E370E2871021}"
EndProject
Project("{FAE04EC0-301F-11D3-BF4B-00C04F79EFBC}") = "03.WordCountFollow", "03.WordCountFollow\03.WordCountFollow.csproj", "{37EDF887-79DB-4EBC-B8E5-5B15AFD36B7C}"
EndProject
Global
	GlobalSection(SolutionConfigurationPlatforms) = preSolution
		Debug|Any CPU = Debug|Any CPU
		Release|Any CPU = Release|Any CPU
	EndGlobalSection
	GlobalSection(ProjectConfigurationPlatforms) = postSolution
		{53C8444E-C35B-48E9-B946-7D16C8EFE7C1}.Debug|Any CPU.ActiveCfg = Debug|Any CPU
		{53C8444E-C35B-48E9-B946-7D16C8EFE7C1}.Debug|Any CPU.Build.0 = Debug|Any CPU
		{53C8444E-C35B-48E9-B946-7D16C8EFE7C1}.Release|Any CPU.ActiveCfg = Release|Any CPU
		{53C8444E-C35B-48E9-B946-7D16C8EFE7C1}.Release|Any CPU.Build.0 = Release|Any CPU
		{9DE51ED4-A05D-4980-BE69-40C02BFE1AB9}.Debug|Any CPU.ActiveCfg = Debug|Any CPU
		{9DE51ED4-A05D-4980-BE69-40C02BFE1AB9}.Debug|Any CPU.Build.0 = Debug|Any CPU
		{9DE51ED4-A05D-4980-BE69-40C02BFE1AB9}.Release|Any CPU.ActiveCfg = Release|Any CPU
		{9DE51ED4-A05D-4980-BE69-40C02BFE1AB9}.Release|Any CPU.Build.0 = Release|Any CPU
		{5CAA2624-33FF-43FC-94D1-6EB2BEFD6AB7}.Debug|Any CPU.ActiveCfg = Debug|Any CPU
		{5CAA2624-33FF-43FC-94D1-6EB2BEFD6AB7}.Debug|Any CPU.Build.0 = Debug|Any CPU
		{5CAA2624-33FF-43FC-94D1-6EB2BEFD6AB7}.Release|Any CPU.ActiveCfg = Release|Any CPU
		{5CAA2624-33FF-43FC-94D1-6EB2BEFD6AB7}.Release|Any CPU.Build.0 = Release|Any CPU
		{03BABF7F-BDE4-492A-BCCE-A8926C48F976}.Debug|Any CPU.ActiveCfg = Debug|Any CPU
		{03BABF7F-BDE4-492A-BCCE-A8926C48F976}.Debug|Any CPU.Build.0 = Debug|Any CPU
		{03BABF7F-BDE4-492A-BCCE-A8926C48F976}.Release|Any CPU.ActiveCfg = Release|Any CPU
		{03BABF7F-BDE4-492A-BCCE-A8926C48F976}.Release|Any CPU.Build.0 = Release|Any CPU
		{8E363E31-0B7B-4F49-A6E9-1C6739E5FBBF}.Debug|Any CPU.ActiveCfg = Debug|Any CPU
		{8E363E31-0B7B-4F49-A6E9-1C6739E5FBBF}.Debug|Any CPU.Build.0 = Debug|Any CPU
		{8E363E31-0B7B-4F49-A6E9-1C6739E5FBBF}.Release|Any CPU.ActiveCfg = Release|Any CPU
		{8E363E31-0B7B-4F49-A6E9-1C6739E5FBBF}.Release|Any CPU.Build.0 = Release|Any CPU
		{7DA17AC9-0195-4180-9D2F-E370E2871021}.Debug|Any CPU.ActiveCfg = Debug|Any CPU
		{7DA17AC9-0195-4180-9D2F-E370E2871021}.Debug|Any CPU.Build.0 = Debug|Any CPU
		{7DA17AC9-0195-4180-9D2F-E370E2871021}.Release|Any CPU.ActiveCfg = Release|Any CPU
		{7DA17AC9-0195-4180-9D2F-E370E2871021}.Release|Any CPU.Build.0 = Release|Any CPU
		{37EDF887-79DB-4EBC-B8E5-5B15AFD36B7C}.Debug|Any CPU.ActiveCfg = Debug|Any CPU
		{37EDF887-79DB-4EBC-B8E5-5B15AFD36B7C}.Debug|Any CPU.Build.0 = Debug|Any CPU
		{37EDF887-79DB-4EBC-B8E5-5B15AFD36B7C}.Release|Any CPU.ActiveCfg = Release|Any CPU
		{37EDF887-79DB-4EBC-B8E5-5B15AFD36B7C}.Release|Any CPU.Build.0 = Release|Any CPU
	EndGlobalSection
	GlobalSection(SolutionProperties) = preSolution
		HideSolutionNode = FALSE
	EndGlobalSection
	GlobalSection(ExtensibilityGlobals) = postSolution
		SolutionGuid = {D4CFBA20-9AB8-4B11-91FB-1EC321DF3EEF}
	EndGlobalSection
EndGlobal
