
Microsoft Visual Studio Solution File, Format Version 12.00
# Visual Studio Version 16
VisualStudioVersion = 16.0.30804.86
MinimumVisualStudioVersion = 10.0.40219.1
Project("{FAE04EC0-301F-11D3-BF4B-00C04F79EFBC}") = "01.DiagonalDifference", "01.DiagonalDifference\01.DiagonalDifference.csproj", "{FA953505-F623-42DF-B6E7-F9D98D19E0A2}"
EndProject
Project("{FAE04EC0-301F-11D3-BF4B-00C04F79EFBC}") = "02.2x2SquaresInMatrix", "02.2x2SquaresInMatrix\02.2x2SquaresInMatrix.csproj", "{00A2FE7A-797C-40E0-96B5-40C46EEB9BBB}"
EndProject
Project("{FAE04EC0-301F-11D3-BF4B-00C04F79EFBC}") = "03.MaximalSum", "03.MaximalSum\03.MaximalSum.csproj", "{237BABBB-C818-483E-A9A9-F0726F14114F}"
EndProject
Project("{FAE04EC0-301F-11D3-BF4B-00C04F79EFBC}") = "04.MatrixShuffling", "04.MatrixShuffling\04.MatrixShuffling.csproj", "{3E68CF51-EF66-4DAE-B11B-BC3CE43A4E83}"
EndProject
Project("{FAE04EC0-301F-11D3-BF4B-00C04F79EFBC}") = "05.SnakeMoves", "05.SnakeMoves\05.SnakeMoves.csproj", "{2A2239D9-9F34-4E9A-9433-D2DC6B89B341}"
EndProject
Global
	GlobalSection(SolutionConfigurationPlatforms) = preSolution
		Debug|Any CPU = Debug|Any CPU
		Release|Any CPU = Release|Any CPU
	EndGlobalSection
	GlobalSection(ProjectConfigurationPlatforms) = postSolution
		{FA953505-F623-42DF-B6E7-F9D98D19E0A2}.Debug|Any CPU.ActiveCfg = Debug|Any CPU
		{FA953505-F623-42DF-B6E7-F9D98D19E0A2}.Debug|Any CPU.Build.0 = Debug|Any CPU
		{FA953505-F623-42DF-B6E7-F9D98D19E0A2}.Release|Any CPU.ActiveCfg = Release|Any CPU
		{FA953505-F623-42DF-B6E7-F9D98D19E0A2}.Release|Any CPU.Build.0 = Release|Any CPU
		{00A2FE7A-797C-40E0-96B5-40C46EEB9BBB}.Debug|Any CPU.ActiveCfg = Debug|Any CPU
		{00A2FE7A-797C-40E0-96B5-40C46EEB9BBB}.Debug|Any CPU.Build.0 = Debug|Any CPU
		{00A2FE7A-797C-40E0-96B5-40C46EEB9BBB}.Release|Any CPU.ActiveCfg = Release|Any CPU
		{00A2FE7A-797C-40E0-96B5-40C46EEB9BBB}.Release|Any CPU.Build.0 = Release|Any CPU
		{237BABBB-C818-483E-A9A9-F0726F14114F}.Debug|Any CPU.ActiveCfg = Debug|Any CPU
		{237BABBB-C818-483E-A9A9-F0726F14114F}.Debug|Any CPU.Build.0 = Debug|Any CPU
		{237BABBB-C818-483E-A9A9-F0726F14114F}.Release|Any CPU.ActiveCfg = Release|Any CPU
		{237BABBB-C818-483E-A9A9-F0726F14114F}.Release|Any CPU.Build.0 = Release|Any CPU
		{3E68CF51-EF66-4DAE-B11B-BC3CE43A4E83}.Debug|Any CPU.ActiveCfg = Debug|Any CPU
		{3E68CF51-EF66-4DAE-B11B-BC3CE43A4E83}.Debug|Any CPU.Build.0 = Debug|Any CPU
		{3E68CF51-EF66-4DAE-B11B-BC3CE43A4E83}.Release|Any CPU.ActiveCfg = Release|Any CPU
		{3E68CF51-EF66-4DAE-B11B-BC3CE43A4E83}.Release|Any CPU.Build.0 = Release|Any CPU
		{2A2239D9-9F34-4E9A-9433-D2DC6B89B341}.Debug|Any CPU.ActiveCfg = Debug|Any CPU
		{2A2239D9-9F34-4E9A-9433-D2DC6B89B341}.Debug|Any CPU.Build.0 = Debug|Any CPU
		{2A2239D9-9F34-4E9A-9433-D2DC6B89B341}.Release|Any CPU.ActiveCfg = Release|Any CPU
		{2A2239D9-9F34-4E9A-9433-D2DC6B89B341}.Release|Any CPU.Build.0 = Release|Any CPU
	EndGlobalSection
	GlobalSection(SolutionProperties) = preSolution
		HideSolutionNode = FALSE
	EndGlobalSection
	GlobalSection(ExtensibilityGlobals) = postSolution
		SolutionGuid = {19345F25-40D0-42AB-9412-290EE92D67F0}
	EndGlobalSection
EndGlobal
