
Microsoft Visual Studio Solution File, Format Version 12.00
# Visual Studio Version 16
VisualStudioVersion = 16.0.30804.86
MinimumVisualStudioVersion = 10.0.40219.1
Project("{FAE04EC0-301F-11D3-BF4B-00C04F79EFBC}") = "Test", "Test\Test.csproj", "{71B2C021-BC67-432D-955D-A0F58F5015AA}"
EndProject
Project("{FAE04EC0-301F-11D3-BF4B-00C04F79EFBC}") = "01.OddLines", "01.OddLines\01.OddLines.csproj", "{1A05AF4D-44FF-4EBB-B1E4-94147719247F}"
EndProject
Project("{FAE04EC0-301F-11D3-BF4B-00C04F79EFBC}") = "05.SliceAFile", "05.SliceAFile\05.SliceAFile.csproj", "{0003F5F8-2EF7-4E0D-8F02-EFDFE0B25628}"
EndProject
Global
	GlobalSection(SolutionConfigurationPlatforms) = preSolution
		Debug|Any CPU = Debug|Any CPU
		Release|Any CPU = Release|Any CPU
	EndGlobalSection
	GlobalSection(ProjectConfigurationPlatforms) = postSolution
		{71B2C021-BC67-432D-955D-A0F58F5015AA}.Debug|Any CPU.ActiveCfg = Debug|Any CPU
		{71B2C021-BC67-432D-955D-A0F58F5015AA}.Debug|Any CPU.Build.0 = Debug|Any CPU
		{71B2C021-BC67-432D-955D-A0F58F5015AA}.Release|Any CPU.ActiveCfg = Release|Any CPU
		{71B2C021-BC67-432D-955D-A0F58F5015AA}.Release|Any CPU.Build.0 = Release|Any CPU
		{1A05AF4D-44FF-4EBB-B1E4-94147719247F}.Debug|Any CPU.ActiveCfg = Debug|Any CPU
		{1A05AF4D-44FF-4EBB-B1E4-94147719247F}.Debug|Any CPU.Build.0 = Debug|Any CPU
		{1A05AF4D-44FF-4EBB-B1E4-94147719247F}.Release|Any CPU.ActiveCfg = Release|Any CPU
		{1A05AF4D-44FF-4EBB-B1E4-94147719247F}.Release|Any CPU.Build.0 = Release|Any CPU
		{0003F5F8-2EF7-4E0D-8F02-EFDFE0B25628}.Debug|Any CPU.ActiveCfg = Debug|Any CPU
		{0003F5F8-2EF7-4E0D-8F02-EFDFE0B25628}.Debug|Any CPU.Build.0 = Debug|Any CPU
		{0003F5F8-2EF7-4E0D-8F02-EFDFE0B25628}.Release|Any CPU.ActiveCfg = Release|Any CPU
		{0003F5F8-2EF7-4E0D-8F02-EFDFE0B25628}.Release|Any CPU.Build.0 = Release|Any CPU
	EndGlobalSection
	GlobalSection(SolutionProperties) = preSolution
		HideSolutionNode = FALSE
	EndGlobalSection
	GlobalSection(ExtensibilityGlobals) = postSolution
		SolutionGuid = {7778126C-3A18-4B2E-98E0-41C651BCF65D}
	EndGlobalSection
EndGlobal
